{
  "name": "web-app",
  "lockfileVersion": 3,
  "requires": true,
  "packages": {
    "": {
      "dependencies": {
        "appwrite": "^21.5.0",
        "dotenv": "^17.2.3",
        "node-appwrite": "^21.1.0"
      }
    },
    "node_modules/appwrite": {
      "version": "21.5.0",
      "resolved": "https://registry.npmjs.org/appwrite/-/appwrite-21.5.0.tgz",
      "integrity": "sha512-643bMRZVYXMluXvSXbdaLAi9qqTJLWbVGguKH4vH6IdKHur6gGIirhCOqAEt33pV4TOFJ55VBu8c/+Ft1ke2SA==",
      "license": "BSD-3-Clause"
    },
    "node_modules/dotenv": {
      "version": "17.2.3",
      "resolved": "https://registry.npmjs.org/dotenv/-/dotenv-17.2.3.tgz",
      "integrity": "sha512-JVUnt+DUIzu87TABbhPmNfVdBDt18BLOWjMUFJMSi/Qqg7NTYtabbvSNJGOJ7afbRuv9D/lngizHtP7QyLQ+9w==",
      "license": "BSD-2-Clause",
      "engines": {
        "node": ">=12"
      },
      "funding": {
        "url": "https://dotenvx.com"
      }
    },
    "node_modules/node-appwrite": {
      "version": "21.1.0",
      "resolved": "https://registry.npmjs.org/node-appwrite/-/node-appwrite-21.1.0.tgz",
      "integrity": "sha512-HRK5BzN19vgvaH/EeNsigK24t4ngJ1AoiltK5JtahxP6uyMRztzkD8cXP+z9jj/xOjz7ySfQ9YypNyhNr6zVkA==",
      "license": "BSD-3-Clause",
      "dependencies": {
        "node-fetch-native-with-agent": "1.7.2"
      }
    },
    "node_modules/node-fetch-native-with-agent": {
      "version": "1.7.2",
      "resolved": "https://registry.npmjs.org/node-fetch-native-with-agent/-/node-fetch-native-with-agent-1.7.2.tgz",
      "integrity": "sha512-5MaOOCuJEvcckoz7/tjdx1M6OusOY6Xc5f459IaruGStWnKzlI1qpNgaAwmn4LmFYcsSlj+jBMk84wmmRxfk5g==",
      "license": "MIT"
    }
  }
}
